// !$*UTF8*$!
{
	archiveVersion = 1;
	classes = {
	};
	objectVersion = 50;
	objects = {

/* Begin PBXBuildFile section */
		461A491C42F4429B8109711E /* Pods_github_followers.framework in Frameworks */ = {isa = PBXBuildFile; fileRef = 0BF31322F1DC98C704647E8F /* Pods_github_followers.framework */; };
		FA1E0F7521A7E45300C915C9 /* GithubUserInfoModel.swift in Sources */ = {isa = PBXBuildFile; fileRef = FA1E0F7421A7E45300C915C9 /* GithubUserInfoModel.swift */; };
		FA1E0F7721A7E66400C915C9 /* GithubAPI.swift in Sources */ = {isa = PBXBuildFile; fileRef = FA1E0F7621A7E66400C915C9 /* GithubAPI.swift */; };
		FA1E0F7921A7EA7E00C915C9 /* Result.swift in Sources */ = {isa = PBXBuildFile; fileRef = FA1E0F7821A7EA7E00C915C9 /* Result.swift */; };
		FA1E0F7B21A7EBC400C915C9 /* AlamofireGithubAPI.swift in Sources */ = {isa = PBXBuildFile; fileRef = FA1E0F7A21A7EBC400C915C9 /* AlamofireGithubAPI.swift */; };
		FA281B3821AC467000519E87 /* ImageLoaderChangeViewModel.swift in Sources */ = {isa = PBXBuildFile; fileRef = FA281B3721AC467000519E87 /* ImageLoaderChangeViewModel.swift */; };
		FA281B3A21AC49FE00519E87 /* ImageLoaderChangeViewAssembly.swift in Sources */ = {isa = PBXBuildFile; fileRef = FA281B3921AC49FE00519E87 /* ImageLoaderChangeViewAssembly.swift */; };
		FA281B3C21AC4A3000519E87 /* ViewAssembly.swift in Sources */ = {isa = PBXBuildFile; fileRef = FA281B3B21AC4A3000519E87 /* ViewAssembly.swift */; };
		FA28B7E221A9977200727725 /* FollowerTableViewCell.swift in Sources */ = {isa = PBXBuildFile; fileRef = FA28B7E021A9977200727725 /* FollowerTableViewCell.swift */; };
		FA28B7E321A9977200727725 /* FollowerTableViewCell.xib in Resources */ = {isa = PBXBuildFile; fileRef = FA28B7E121A9977200727725 /* FollowerTableViewCell.xib */; };
		FA28B7E521A99D1300727725 /* FollowerViewModel.swift in Sources */ = {isa = PBXBuildFile; fileRef = FA28B7E421A99D1300727725 /* FollowerViewModel.swift */; };
		FA28B7E721A99D8F00727725 /* Dynamic.swift in Sources */ = {isa = PBXBuildFile; fileRef = FA28B7E621A99D8F00727725 /* Dynamic.swift */; };
		FA28B7E921A99DA200727725 /* DynamicExtensions.swift in Sources */ = {isa = PBXBuildFile; fileRef = FA28B7E821A99DA200727725 /* DynamicExtensions.swift */; };
		FA28B7EB21A99E9B00727725 /* FollowerListViewModel.swift in Sources */ = {isa = PBXBuildFile; fileRef = FA28B7EA21A99E9B00727725 /* FollowerListViewModel.swift */; };
		FA28B7ED21A9A61D00727725 /* FollowerListAssembly.swift in Sources */ = {isa = PBXBuildFile; fileRef = FA28B7EC21A9A61D00727725 /* FollowerListAssembly.swift */; };
		FA28B7F121A9B07E00727725 /* ImageLoader.swift in Sources */ = {isa = PBXBuildFile; fileRef = FA28B7F021A9B07E00727725 /* ImageLoader.swift */; };
		FA28B7F321A9B0CE00727725 /* KingfisherImageLoader.swift in Sources */ = {isa = PBXBuildFile; fileRef = FA28B7F221A9B0CE00727725 /* KingfisherImageLoader.swift */; };
		FA28B7F521A9B11600727725 /* NukeImageLoader.swift in Sources */ = {isa = PBXBuildFile; fileRef = FA28B7F421A9B11600727725 /* NukeImageLoader.swift */; };
		FA28B7F821A9B53A00727725 /* FollowerListDataManager.swift in Sources */ = {isa = PBXBuildFile; fileRef = FA28B7F721A9B53A00727725 /* FollowerListDataManager.swift */; };
		FA28B7FA21A9F7B100727725 /* FollowerViewModelFactory.swift in Sources */ = {isa = PBXBuildFile; fileRef = FA28B7F921A9F7B100727725 /* FollowerViewModelFactory.swift */; };
		FA28B7FC21A9FBCD00727725 /* FollowerListRouter.swift in Sources */ = {isa = PBXBuildFile; fileRef = FA28B7FB21A9FBCD00727725 /* FollowerListRouter.swift */; };
		FA4F48B021ABEB5A00089789 /* ImageLoaderService.swift in Sources */ = {isa = PBXBuildFile; fileRef = FA4F48AF21ABEB5A00089789 /* ImageLoaderService.swift */; };
		FA4F48B221AC043600089789 /* Channel.swift in Sources */ = {isa = PBXBuildFile; fileRef = FA4F48B121AC043600089789 /* Channel.swift */; };
		FA4F48B421AC043E00089789 /* Observer.swift in Sources */ = {isa = PBXBuildFile; fileRef = FA4F48B321AC043E00089789 /* Observer.swift */; };
		FA4F48B721AC41BB00089789 /* ImageLoaderChangeView.swift in Sources */ = {isa = PBXBuildFile; fileRef = FA4F48B621AC41BB00089789 /* ImageLoaderChangeView.swift */; };
		FA4F48B921AC41CD00089789 /* ImageLoaderChangeView.xib in Resources */ = {isa = PBXBuildFile; fileRef = FA4F48B821AC41CD00089789 /* ImageLoaderChangeView.xib */; };
		FA4F48BB21AC438D00089789 /* PlaceholderView.swift in Sources */ = {isa = PBXBuildFile; fileRef = FA4F48BA21AC438D00089789 /* PlaceholderView.swift */; };
		FA58039221A75408009AAFE6 /* AppDelegate.swift in Sources */ = {isa = PBXBuildFile; fileRef = FA58039121A75408009AAFE6 /* AppDelegate.swift */; };
		FA58039921A75409009AAFE6 /* Assets.xcassets in Resources */ = {isa = PBXBuildFile; fileRef = FA58039821A75409009AAFE6 /* Assets.xcassets */; };
		FA58039C21A75409009AAFE6 /* LaunchScreen.storyboard in Resources */ = {isa = PBXBuildFile; fileRef = FA58039A21A75409009AAFE6 /* LaunchScreen.storyboard */; };
		FA5803A521A75428009AAFE6 /* FollowerListViewController.swift in Sources */ = {isa = PBXBuildFile; fileRef = FA5803A321A75428009AAFE6 /* FollowerListViewController.swift */; };
		FA5803A621A75428009AAFE6 /* FollowerListViewController.xib in Resources */ = {isa = PBXBuildFile; fileRef = FA5803A421A75428009AAFE6 /* FollowerListViewController.xib */; };
		FA5803A821A7560F009AAFE6 /* ApplicationController.swift in Sources */ = {isa = PBXBuildFile; fileRef = FA5803A721A7560F009AAFE6 /* ApplicationController.swift */; };
		FABBDDB421A7E1DC0094A3D4 /* GithubFollowerModel.swift in Sources */ = {isa = PBXBuildFile; fileRef = FABBDDB321A7E1DC0094A3D4 /* GithubFollowerModel.swift */; };
/* End PBXBuildFile section */

/* Begin PBXFileReference section */
		0BF31322F1DC98C704647E8F /* Pods_github_followers.framework */ = {isa = PBXFileReference; explicitFileType = wrapper.framework; includeInIndex = 0; path = Pods_github_followers.framework; sourceTree = BUILT_PRODUCTS_DIR; };
		29939B6C13D00DECFF903F86 /* Pods-github-followers.debug.xcconfig */ = {isa = PBXFileReference; includeInIndex = 1; lastKnownFileType = text.xcconfig; name = "Pods-github-followers.debug.xcconfig"; path = "Pods/Target Support Files/Pods-github-followers/Pods-github-followers.debug.xcconfig"; sourceTree = "<group>"; };
		709404EFD5AC8ADEFC207FAC /* Pods-github-followers.release.xcconfig */ = {isa = PBXFileReference; includeInIndex = 1; lastKnownFileType = text.xcconfig; name = "Pods-github-followers.release.xcconfig"; path = "Pods/Target Support Files/Pods-github-followers/Pods-github-followers.release.xcconfig"; sourceTree = "<group>"; };
		FA1E0F7421A7E45300C915C9 /* GithubUserInfoModel.swift */ = {isa = PBXFileReference; lastKnownFileType = sourcecode.swift; path = GithubUserInfoModel.swift; sourceTree = "<group>"; };
		FA1E0F7621A7E66400C915C9 /* GithubAPI.swift */ = {isa = PBXFileReference; lastKnownFileType = sourcecode.swift; path = GithubAPI.swift; sourceTree = "<group>"; };
		FA1E0F7821A7EA7E00C915C9 /* Result.swift */ = {isa = PBXFileReference; lastKnownFileType = sourcecode.swift; path = Result.swift; sourceTree = "<group>"; };
		FA1E0F7A21A7EBC400C915C9 /* AlamofireGithubAPI.swift */ = {isa = PBXFileReference; lastKnownFileType = sourcecode.swift; path = AlamofireGithubAPI.swift; sourceTree = "<group>"; };
		FA281B3721AC467000519E87 /* ImageLoaderChangeViewModel.swift */ = {isa = PBXFileReference; lastKnownFileType = sourcecode.swift; path = ImageLoaderChangeViewModel.swift; sourceTree = "<group>"; };
		FA281B3921AC49FE00519E87 /* ImageLoaderChangeViewAssembly.swift */ = {isa = PBXFileReference; lastKnownFileType = sourcecode.swift; path = ImageLoaderChangeViewAssembly.swift; sourceTree = "<group>"; };
		FA281B3B21AC4A3000519E87 /* ViewAssembly.swift */ = {isa = PBXFileReference; lastKnownFileType = sourcecode.swift; path = ViewAssembly.swift; sourceTree = "<group>"; };
		FA28B7E021A9977200727725 /* FollowerTableViewCell.swift */ = {isa = PBXFileReference; lastKnownFileType = sourcecode.swift; path = FollowerTableViewCell.swift; sourceTree = "<group>"; };
		FA28B7E121A9977200727725 /* FollowerTableViewCell.xib */ = {isa = PBXFileReference; lastKnownFileType = file.xib; path = FollowerTableViewCell.xib; sourceTree = "<group>"; };
		FA28B7E421A99D1300727725 /* FollowerViewModel.swift */ = {isa = PBXFileReference; lastKnownFileType = sourcecode.swift; path = FollowerViewModel.swift; sourceTree = "<group>"; };
		FA28B7E621A99D8F00727725 /* Dynamic.swift */ = {isa = PBXFileReference; lastKnownFileType = sourcecode.swift; path = Dynamic.swift; sourceTree = "<group>"; };
		FA28B7E821A99DA200727725 /* DynamicExtensions.swift */ = {isa = PBXFileReference; lastKnownFileType = sourcecode.swift; path = DynamicExtensions.swift; sourceTree = "<group>"; };
		FA28B7EA21A99E9B00727725 /* FollowerListViewModel.swift */ = {isa = PBXFileReference; lastKnownFileType = sourcecode.swift; path = FollowerListViewModel.swift; sourceTree = "<group>"; };
		FA28B7EC21A9A61D00727725 /* FollowerListAssembly.swift */ = {isa = PBXFileReference; lastKnownFileType = sourcecode.swift; path = FollowerListAssembly.swift; sourceTree = "<group>"; };
		FA28B7F021A9B07E00727725 /* ImageLoader.swift */ = {isa = PBXFileReference; lastKnownFileType = sourcecode.swift; path = ImageLoader.swift; sourceTree = "<group>"; };
		FA28B7F221A9B0CE00727725 /* KingfisherImageLoader.swift */ = {isa = PBXFileReference; lastKnownFileType = sourcecode.swift; path = KingfisherImageLoader.swift; sourceTree = "<group>"; };
		FA28B7F421A9B11600727725 /* NukeImageLoader.swift */ = {isa = PBXFileReference; lastKnownFileType = sourcecode.swift; path = NukeImageLoader.swift; sourceTree = "<group>"; };
		FA28B7F721A9B53A00727725 /* FollowerListDataManager.swift */ = {isa = PBXFileReference; lastKnownFileType = sourcecode.swift; path = FollowerListDataManager.swift; sourceTree = "<group>"; };
		FA28B7F921A9F7B100727725 /* FollowerViewModelFactory.swift */ = {isa = PBXFileReference; lastKnownFileType = sourcecode.swift; path = FollowerViewModelFactory.swift; sourceTree = "<group>"; };
		FA28B7FB21A9FBCD00727725 /* FollowerListRouter.swift */ = {isa = PBXFileReference; lastKnownFileType = sourcecode.swift; path = FollowerListRouter.swift; sourceTree = "<group>"; };
		FA4F48AF21ABEB5A00089789 /* ImageLoaderService.swift */ = {isa = PBXFileReference; lastKnownFileType = sourcecode.swift; path = ImageLoaderService.swift; sourceTree = "<group>"; };
		FA4F48B121AC043600089789 /* Channel.swift */ = {isa = PBXFileReference; lastKnownFileType = sourcecode.swift; path = Channel.swift; sourceTree = "<group>"; };
		FA4F48B321AC043E00089789 /* Observer.swift */ = {isa = PBXFileReference; lastKnownFileType = sourcecode.swift; path = Observer.swift; sourceTree = "<group>"; };
		FA4F48B621AC41BB00089789 /* ImageLoaderChangeView.swift */ = {isa = PBXFileReference; lastKnownFileType = sourcecode.swift; path = ImageLoaderChangeView.swift; sourceTree = "<group>"; };
		FA4F48B821AC41CD00089789 /* ImageLoaderChangeView.xib */ = {isa = PBXFileReference; lastKnownFileType = file.xib; path = ImageLoaderChangeView.xib; sourceTree = "<group>"; };
		FA4F48BA21AC438D00089789 /* PlaceholderView.swift */ = {isa = PBXFileReference; lastKnownFileType = sourcecode.swift; path = PlaceholderView.swift; sourceTree = "<group>"; };
		FA58038E21A75408009AAFE6 /* github-followers.app */ = {isa = PBXFileReference; explicitFileType = wrapper.application; includeInIndex = 0; path = "github-followers.app"; sourceTree = BUILT_PRODUCTS_DIR; };
		FA58039121A75408009AAFE6 /* AppDelegate.swift */ = {isa = PBXFileReference; lastKnownFileType = sourcecode.swift; path = AppDelegate.swift; sourceTree = "<group>"; };
		FA58039821A75409009AAFE6 /* Assets.xcassets */ = {isa = PBXFileReference; lastKnownFileType = folder.assetcatalog; path = Assets.xcassets; sourceTree = "<group>"; };
		FA58039B21A75409009AAFE6 /* Base */ = {isa = PBXFileReference; lastKnownFileType = file.storyboard; name = Base; path = Base.lproj/LaunchScreen.storyboard; sourceTree = "<group>"; };
		FA58039D21A75409009AAFE6 /* Info.plist */ = {isa = PBXFileReference; lastKnownFileType = text.plist.xml; path = Info.plist; sourceTree = "<group>"; };
		FA5803A321A75428009AAFE6 /* FollowerListViewController.swift */ = {isa = PBXFileReference; lastKnownFileType = sourcecode.swift; path = FollowerListViewController.swift; sourceTree = "<group>"; };
		FA5803A421A75428009AAFE6 /* FollowerListViewController.xib */ = {isa = PBXFileReference; lastKnownFileType = file.xib; path = FollowerListViewController.xib; sourceTree = "<group>"; };
		FA5803A721A7560F009AAFE6 /* ApplicationController.swift */ = {isa = PBXFileReference; lastKnownFileType = sourcecode.swift; path = ApplicationController.swift; sourceTree = "<group>"; };
		FABBDDB321A7E1DC0094A3D4 /* GithubFollowerModel.swift */ = {isa = PBXFileReference; lastKnownFileType = sourcecode.swift; path = GithubFollowerModel.swift; sourceTree = "<group>"; };
/* End PBXFileReference section */

/* Begin PBXFrameworksBuildPhase section */
		FA58038B21A75408009AAFE6 /* Frameworks */ = {
			isa = PBXFrameworksBuildPhase;
			buildActionMask = 2147483647;
			files = (
				461A491C42F4429B8109711E /* Pods_github_followers.framework in Frameworks */,
			);
			runOnlyForDeploymentPostprocessing = 0;
		};
/* End PBXFrameworksBuildPhase section */

/* Begin PBXGroup section */
		2F33C8D2CDB11C477A17C9C3 /* Frameworks */ = {
			isa = PBXGroup;
			children = (
				0BF31322F1DC98C704647E8F /* Pods_github_followers.framework */,
			);
			name = Frameworks;
			sourceTree = "<group>";
		};
		F4E89CB2029750838786A336 /* Pods */ = {
			isa = PBXGroup;
			children = (
				29939B6C13D00DECFF903F86 /* Pods-github-followers.debug.xcconfig */,
				709404EFD5AC8ADEFC207FAC /* Pods-github-followers.release.xcconfig */,
			);
			name = Pods;
			sourceTree = "<group>";
		};
		FA281B3D21AC5B5D00519E87 /* ImageLoaderChangeView */ = {
			isa = PBXGroup;
			children = (
				FA4F48B621AC41BB00089789 /* ImageLoaderChangeView.swift */,
				FA281B3921AC49FE00519E87 /* ImageLoaderChangeViewAssembly.swift */,
				FA281B3721AC467000519E87 /* ImageLoaderChangeViewModel.swift */,
				FA4F48B821AC41CD00089789 /* ImageLoaderChangeView.xib */,
			);
			path = ImageLoaderChangeView;
			sourceTree = "<group>";
		};
		FA28B7EE21A9A81100727725 /* FollowerListScene */ = {
			isa = PBXGroup;
			children = (
				FA28B7EC21A9A61D00727725 /* FollowerListAssembly.swift */,
				FA28B7FB21A9FBCD00727725 /* FollowerListRouter.swift */,
				FA5803A321A75428009AAFE6 /* FollowerListViewController.swift */,
				FA28B7EA21A99E9B00727725 /* FollowerListViewModel.swift */,
				FA28B7F721A9B53A00727725 /* FollowerListDataManager.swift */,
				FA5803A421A75428009AAFE6 /* FollowerListViewController.xib */,
				FA281B3D21AC5B5D00519E87 /* ImageLoaderChangeView */,
				FA28B7EF21A9A82700727725 /* FollowerCell */,
			);
			path = FollowerListScene;
			sourceTree = "<group>";
		};
		FA28B7EF21A9A82700727725 /* FollowerCell */ = {
			isa = PBXGroup;
			children = (
				FA28B7E021A9977200727725 /* FollowerTableViewCell.swift */,
				FA28B7F921A9F7B100727725 /* FollowerViewModelFactory.swift */,
				FA28B7E421A99D1300727725 /* FollowerViewModel.swift */,
				FA28B7E121A9977200727725 /* FollowerTableViewCell.xib */,
			);
			path = FollowerCell;
			sourceTree = "<group>";
		};
		FA28B7F621A9B16400727725 /* ImageLoader */ = {
			isa = PBXGroup;
			children = (
				FA4F48AF21ABEB5A00089789 /* ImageLoaderService.swift */,
				FA28B7F021A9B07E00727725 /* ImageLoader.swift */,
				FA28B7F221A9B0CE00727725 /* KingfisherImageLoader.swift */,
				FA28B7F421A9B11600727725 /* NukeImageLoader.swift */,
			);
			path = ImageLoader;
			sourceTree = "<group>";
		};
		FA4F48B521AC045B00089789 /* Channels */ = {
			isa = PBXGroup;
			children = (
				FA4F48B121AC043600089789 /* Channel.swift */,
				FA4F48B321AC043E00089789 /* Observer.swift */,
			);
			path = Channels;
			sourceTree = "<group>";
		};
		FA58038521A75408009AAFE6 = {
			isa = PBXGroup;
			children = (
				FA58039021A75408009AAFE6 /* github-followers */,
				FA58038F21A75408009AAFE6 /* Products */,
				F4E89CB2029750838786A336 /* Pods */,
				2F33C8D2CDB11C477A17C9C3 /* Frameworks */,
			);
			sourceTree = "<group>";
		};
		FA58038F21A75408009AAFE6 /* Products */ = {
			isa = PBXGroup;
			children = (
				FA58038E21A75408009AAFE6 /* github-followers.app */,
			);
			name = Products;
			sourceTree = "<group>";
		};
		FA58039021A75408009AAFE6 /* github-followers */ = {
			isa = PBXGroup;
			children = (
				FA58039121A75408009AAFE6 /* AppDelegate.swift */,
				FA5803A721A7560F009AAFE6 /* ApplicationController.swift */,
				FA28B7E621A99D8F00727725 /* Dynamic.swift */,
				FA28B7E821A99DA200727725 /* DynamicExtensions.swift */,
				FA281B3B21AC4A3000519E87 /* ViewAssembly.swift */,
				FA4F48BA21AC438D00089789 /* PlaceholderView.swift */,
				FA4F48B521AC045B00089789 /* Channels */,
				FA28B7F621A9B16400727725 /* ImageLoader */,
				FABBDDB221A7E1B50094A3D4 /* GithubRepository */,
				FA28B7EE21A9A81100727725 /* FollowerListScene */,
				FA58039821A75409009AAFE6 /* Assets.xcassets */,
				FA58039A21A75409009AAFE6 /* LaunchScreen.storyboard */,
				FA58039D21A75409009AAFE6 /* Info.plist */,
			);
			path = "github-followers";
			sourceTree = "<group>";
		};
		FABBDDB221A7E1B50094A3D4 /* GithubRepository */ = {
			isa = PBXGroup;
			children = (
				FA1E0F7821A7EA7E00C915C9 /* Result.swift */,
				FA1E0F7621A7E66400C915C9 /* GithubAPI.swift */,
				FA1E0F7A21A7EBC400C915C9 /* AlamofireGithubAPI.swift */,
				FABBDDB321A7E1DC0094A3D4 /* GithubFollowerModel.swift */,
				FA1E0F7421A7E45300C915C9 /* GithubUserInfoModel.swift */,
			);
			path = GithubRepository;
			sourceTree = "<group>";
		};
/* End PBXGroup section */

/* Begin PBXNativeTarget section */
		FA58038D21A75408009AAFE6 /* github-followers */ = {
			isa = PBXNativeTarget;
			buildConfigurationList = FA5803A021A75409009AAFE6 /* Build configuration list for PBXNativeTarget "github-followers" */;
			buildPhases = (
				D98D7955F02D0706B4EE7396 /* [CP] Check Pods Manifest.lock */,
				FA58038A21A75408009AAFE6 /* Sources */,
				FA58038B21A75408009AAFE6 /* Frameworks */,
				FA58038C21A75408009AAFE6 /* Resources */,
				33532588F9136FE545137D9E /* [CP] Embed Pods Frameworks */,
				FA1E0F7C21A7EC7B00C915C9 /* ShellScript */,
			);
			buildRules = (
			);
			dependencies = (
			);
			name = "github-followers";
			productName = "github-followers";
			productReference = FA58038E21A75408009AAFE6 /* github-followers.app */;
			productType = "com.apple.product-type.application";
		};
/* End PBXNativeTarget section */

/* Begin PBXProject section */
		FA58038621A75408009AAFE6 /* Project object */ = {
			isa = PBXProject;
			attributes = {
				LastSwiftUpdateCheck = 1000;
				LastUpgradeCheck = 1000;
				ORGANIZATIONNAME = riovcahrenko;
				TargetAttributes = {
					FA58038D21A75408009AAFE6 = {
						CreatedOnToolsVersion = 10.0;
					};
				};
			};
			buildConfigurationList = FA58038921A75408009AAFE6 /* Build configuration list for PBXProject "github-followers" */;
			compatibilityVersion = "Xcode 9.3";
			developmentRegion = en;
			hasScannedForEncodings = 0;
			knownRegions = (
				en,
				Base,
			);
			mainGroup = FA58038521A75408009AAFE6;
			productRefGroup = FA58038F21A75408009AAFE6 /* Products */;
			projectDirPath = "";
			projectRoot = "";
			targets = (
				FA58038D21A75408009AAFE6 /* github-followers */,
			);
		};
/* End PBXProject section */

/* Begin PBXResourcesBuildPhase section */
		FA58038C21A75408009AAFE6 /* Resources */ = {
			isa = PBXResourcesBuildPhase;
			buildActionMask = 2147483647;
			files = (
				FA5803A621A75428009AAFE6 /* FollowerListViewController.xib in Resources */,
				FA58039C21A75409009AAFE6 /* LaunchScreen.storyboard in Resources */,
				FA58039921A75409009AAFE6 /* Assets.xcassets in Resources */,
				FA4F48B921AC41CD00089789 /* ImageLoaderChangeView.xib in Resources */,
				FA28B7E321A9977200727725 /* FollowerTableViewCell.xib in Resources */,
			);
			runOnlyForDeploymentPostprocessing = 0;
		};
/* End PBXResourcesBuildPhase section */

/* Begin PBXShellScriptBuildPhase section */
		33532588F9136FE545137D9E /* [CP] Embed Pods Frameworks */ = {
			isa = PBXShellScriptBuildPhase;
			buildActionMask = 2147483647;
			files = (
			);
			inputPaths = (
				"${SRCROOT}/Pods/Target Support Files/Pods-github-followers/Pods-github-followers-frameworks.sh",
				"${BUILT_PRODUCTS_DIR}/Alamofire/Alamofire.framework",
				"${BUILT_PRODUCTS_DIR}/Kingfisher/Kingfisher.framework",
				"${BUILT_PRODUCTS_DIR}/Nuke/Nuke.framework",
			);
			name = "[CP] Embed Pods Frameworks";
			outputPaths = (
				"${TARGET_BUILD_DIR}/${FRAMEWORKS_FOLDER_PATH}/Alamofire.framework",
				"${TARGET_BUILD_DIR}/${FRAMEWORKS_FOLDER_PATH}/Kingfisher.framework",
				"${TARGET_BUILD_DIR}/${FRAMEWORKS_FOLDER_PATH}/Nuke.framework",
			);
			runOnlyForDeploymentPostprocessing = 0;
			shellPath = /bin/sh;
			shellScript = "\"${SRCROOT}/Pods/Target Support Files/Pods-github-followers/Pods-github-followers-frameworks.sh\"\n";
			showEnvVarsInLog = 0;
		};
		D98D7955F02D0706B4EE7396 /* [CP] Check Pods Manifest.lock */ = {
			isa = PBXShellScriptBuildPhase;
			buildActionMask = 2147483647;
			files = (
			);
			inputPaths = (
				"${PODS_PODFILE_DIR_PATH}/Podfile.lock",
				"${PODS_ROOT}/Manifest.lock",
			);
			name = "[CP] Check Pods Manifest.lock";
			outputPaths = (
				"$(DERIVED_FILE_DIR)/Pods-github-followers-checkManifestLockResult.txt",
			);
			runOnlyForDeploymentPostprocessing = 0;
			shellPath = /bin/sh;
			shellScript = "diff \"${PODS_PODFILE_DIR_PATH}/Podfile.lock\" \"${PODS_ROOT}/Manifest.lock\" > /dev/null\nif [ $? != 0 ] ; then\n    # print error to STDERR\n    echo \"error: The sandbox is not in sync with the Podfile.lock. Run 'pod install' or update your CocoaPods installation.\" >&2\n    exit 1\nfi\n# This output is used by Xcode 'outputs' to avoid re-running this script phase.\necho \"SUCCESS\" > \"${SCRIPT_OUTPUT_FILE_0}\"\n";
			showEnvVarsInLog = 0;
		};
		FA1E0F7C21A7EC7B00C915C9 /* ShellScript */ = {
			isa = PBXShellScriptBuildPhase;
			buildActionMask = 2147483647;
			files = (
			);
			inputFileListPaths = (
			);
			inputPaths = (
			);
			outputFileListPaths = (
			);
			outputPaths = (
			);
			runOnlyForDeploymentPostprocessing = 0;
			shellPath = /bin/sh;
			shellScript = "if which swiftlint >/dev/null; then\nswiftlint\nelse\necho \"error: SwiftLint does not exist, download it from https://github.com/realm/SwiftLint\"\nexit 1\nfi\n";
		};
/* End PBXShellScriptBuildPhase section */

/* Begin PBXSourcesBuildPhase section */
		FA58038A21A75408009AAFE6 /* Sources */ = {
			isa = PBXSourcesBuildPhase;
			buildActionMask = 2147483647;
			files = (
				FA4F48B021ABEB5A00089789 /* ImageLoaderService.swift in Sources */,
				FA4F48B721AC41BB00089789 /* ImageLoaderChangeView.swift in Sources */,
				FA28B7F521A9B11600727725 /* NukeImageLoader.swift in Sources */,
				FA1E0F7B21A7EBC400C915C9 /* AlamofireGithubAPI.swift in Sources */,
				FA5803A821A7560F009AAFE6 /* ApplicationController.swift in Sources */,
				FA28B7F121A9B07E00727725 /* ImageLoader.swift in Sources */,
				FA1E0F7721A7E66400C915C9 /* GithubAPI.swift in Sources */,
				FA28B7ED21A9A61D00727725 /* FollowerListAssembly.swift in Sources */,
				FA28B7E921A99DA200727725 /* DynamicExtensions.swift in Sources */,
				FA58039221A75408009AAFE6 /* AppDelegate.swift in Sources */,
				FA28B7E521A99D1300727725 /* FollowerViewModel.swift in Sources */,
				FA28B7FA21A9F7B100727725 /* FollowerViewModelFactory.swift in Sources */,
				FA281B3C21AC4A3000519E87 /* ViewAssembly.swift in Sources */,
				FA281B3821AC467000519E87 /* ImageLoaderChangeViewModel.swift in Sources */,
				FA281B3A21AC49FE00519E87 /* ImageLoaderChangeViewAssembly.swift in Sources */,
				FA28B7FC21A9FBCD00727725 /* FollowerListRouter.swift in Sources */,
				FABBDDB421A7E1DC0094A3D4 /* GithubFollowerModel.swift in Sources */,
				FA4F48B221AC043600089789 /* Channel.swift in Sources */,
				FA4F48B421AC043E00089789 /* Observer.swift in Sources */,
				FA1E0F7921A7EA7E00C915C9 /* Result.swift in Sources */,
				FA28B7F321A9B0CE00727725 /* KingfisherImageLoader.swift in Sources */,
				FA4F48BB21AC438D00089789 /* PlaceholderView.swift in Sources */,
				FA28B7EB21A99E9B00727725 /* FollowerListViewModel.swift in Sources */,
				FA28B7F821A9B53A00727725 /* FollowerListDataManager.swift in Sources */,
				FA28B7E721A99D8F00727725 /* Dynamic.swift in Sources */,
				FA5803A521A75428009AAFE6 /* FollowerListViewController.swift in Sources */,
				FA1E0F7521A7E45300C915C9 /* GithubUserInfoModel.swift in Sources */,
				FA28B7E221A9977200727725 /* FollowerTableViewCell.swift in Sources */,
			);
			runOnlyForDeploymentPostprocessing = 0;
		};
/* End PBXSourcesBuildPhase section */

/* Begin PBXVariantGroup section */
		FA58039A21A75409009AAFE6 /* LaunchScreen.storyboard */ = {
			isa = PBXVariantGroup;
			children = (
				FA58039B21A75409009AAFE6 /* Base */,
			);
			name = LaunchScreen.storyboard;
			sourceTree = "<group>";
		};
/* End PBXVariantGroup section */

/* Begin XCBuildConfiguration section */
		FA58039E21A75409009AAFE6 /* Debug */ = {
			isa = XCBuildConfiguration;
			buildSettings = {
				ALWAYS_SEARCH_USER_PATHS = NO;
				CLANG_ANALYZER_NONNULL = YES;
				CLANG_ANALYZER_NUMBER_OBJECT_CONVERSION = YES_AGGRESSIVE;
				CLANG_CXX_LANGUAGE_STANDARD = "gnu++14";
				CLANG_CXX_LIBRARY = "libc++";
				CLANG_ENABLE_MODULES = YES;
				CLANG_ENABLE_OBJC_ARC = YES;
				CLANG_ENABLE_OBJC_WEAK = YES;
				CLANG_WARN_BLOCK_CAPTURE_AUTORELEASING = YES;
				CLANG_WARN_BOOL_CONVERSION = YES;
				CLANG_WARN_COMMA = YES;
				CLANG_WARN_CONSTANT_CONVERSION = YES;
				CLANG_WARN_DEPRECATED_OBJC_IMPLEMENTATIONS = YES;
				CLANG_WARN_DIRECT_OBJC_ISA_USAGE = YES_ERROR;
				CLANG_WARN_DOCUMENTATION_COMMENTS = YES;
				CLANG_WARN_EMPTY_BODY = YES;
				CLANG_WARN_ENUM_CONVERSION = YES;
				CLANG_WARN_INFINITE_RECURSION = YES;
				CLANG_WARN_INT_CONVERSION = YES;
				CLANG_WARN_NON_LITERAL_NULL_CONVERSION = YES;
				CLANG_WARN_OBJC_IMPLICIT_RETAIN_SELF = YES;
				CLANG_WARN_OBJC_LITERAL_CONVERSION = YES;
				CLANG_WARN_OBJC_ROOT_CLASS = YES_ERROR;
				CLANG_WARN_RANGE_LOOP_ANALYSIS = YES;
				CLANG_WARN_STRICT_PROTOTYPES = YES;
				CLANG_WARN_SUSPICIOUS_MOVE = YES;
				CLANG_WARN_UNGUARDED_AVAILABILITY = YES_AGGRESSIVE;
				CLANG_WARN_UNREACHABLE_CODE = YES;
				CLANG_WARN__DUPLICATE_METHOD_MATCH = YES;
				CODE_SIGN_IDENTITY = "iPhone Developer";
				COPY_PHASE_STRIP = NO;
				DEBUG_INFORMATION_FORMAT = dwarf;
				ENABLE_STRICT_OBJC_MSGSEND = YES;
				ENABLE_TESTABILITY = YES;
				GCC_C_LANGUAGE_STANDARD = gnu11;
				GCC_DYNAMIC_NO_PIC = NO;
				GCC_NO_COMMON_BLOCKS = YES;
				GCC_OPTIMIZATION_LEVEL = 0;
				GCC_PREPROCESSOR_DEFINITIONS = (
					"DEBUG=1",
					"$(inherited)",
				);
				GCC_WARN_64_TO_32_BIT_CONVERSION = YES;
				GCC_WARN_ABOUT_RETURN_TYPE = YES_ERROR;
				GCC_WARN_UNDECLARED_SELECTOR = YES;
				GCC_WARN_UNINITIALIZED_AUTOS = YES_AGGRESSIVE;
				GCC_WARN_UNUSED_FUNCTION = YES;
				GCC_WARN_UNUSED_VARIABLE = YES;
				IPHONEOS_DEPLOYMENT_TARGET = 12.0;
				MTL_ENABLE_DEBUG_INFO = INCLUDE_SOURCE;
				MTL_FAST_MATH = YES;
				ONLY_ACTIVE_ARCH = YES;
				SDKROOT = iphoneos;
				SWIFT_ACTIVE_COMPILATION_CONDITIONS = DEBUG;
				SWIFT_OPTIMIZATION_LEVEL = "-Onone";
			};
			name = Debug;
		};
		FA58039F21A75409009AAFE6 /* Release */ = {
			isa = XCBuildConfiguration;
			buildSettings = {
				ALWAYS_SEARCH_USER_PATHS = NO;
				CLANG_ANALYZER_NONNULL = YES;
				CLANG_ANALYZER_NUMBER_OBJECT_CONVERSION = YES_AGGRESSIVE;
				CLANG_CXX_LANGUAGE_STANDARD = "gnu++14";
				CLANG_CXX_LIBRARY = "libc++";
				CLANG_ENABLE_MODULES = YES;
				CLANG_ENABLE_OBJC_ARC = YES;
				CLANG_ENABLE_OBJC_WEAK = YES;
				CLANG_WARN_BLOCK_CAPTURE_AUTORELEASING = YES;
				CLANG_WARN_BOOL_CONVERSION = YES;
				CLANG_WARN_COMMA = YES;
				CLANG_WARN_CONSTANT_CONVERSION = YES;
				CLANG_WARN_DEPRECATED_OBJC_IMPLEMENTATIONS = YES;
				CLANG_WARN_DIRECT_OBJC_ISA_USAGE = YES_ERROR;
				CLANG_WARN_DOCUMENTATION_COMMENTS = YES;
				CLANG_WARN_EMPTY_BODY = YES;
				CLANG_WARN_ENUM_CONVERSION = YES;
				CLANG_WARN_INFINITE_RECURSION = YES;
				CLANG_WARN_INT_CONVERSION = YES;
				CLANG_WARN_NON_LITERAL_NULL_CONVERSION = YES;
				CLANG_WARN_OBJC_IMPLICIT_RETAIN_SELF = YES;
				CLANG_WARN_OBJC_LITERAL_CONVERSION = YES;
				CLANG_WARN_OBJC_ROOT_CLASS = YES_ERROR;
				CLANG_WARN_RANGE_LOOP_ANALYSIS = YES;
				CLANG_WARN_STRICT_PROTOTYPES = YES;
				CLANG_WARN_SUSPICIOUS_MOVE = YES;
				CLANG_WARN_UNGUARDED_AVAILABILITY = YES_AGGRESSIVE;
				CLANG_WARN_UNREACHABLE_CODE = YES;
				CLANG_WARN__DUPLICATE_METHOD_MATCH = YES;
				CODE_SIGN_IDENTITY = "iPhone Developer";
				COPY_PHASE_STRIP = NO;
				DEBUG_INFORMATION_FORMAT = "dwarf-with-dsym";
				ENABLE_NS_ASSERTIONS = NO;
				ENABLE_STRICT_OBJC_MSGSEND = YES;
				GCC_C_LANGUAGE_STANDARD = gnu11;
				GCC_NO_COMMON_BLOCKS = YES;
				GCC_WARN_64_TO_32_BIT_CONVERSION = YES;
				GCC_WARN_ABOUT_RETURN_TYPE = YES_ERROR;
				GCC_WARN_UNDECLARED_SELECTOR = YES;
				GCC_WARN_UNINITIALIZED_AUTOS = YES_AGGRESSIVE;
				GCC_WARN_UNUSED_FUNCTION = YES;
				GCC_WARN_UNUSED_VARIABLE = YES;
				IPHONEOS_DEPLOYMENT_TARGET = 12.0;
				MTL_ENABLE_DEBUG_INFO = NO;
				MTL_FAST_MATH = YES;
				SDKROOT = iphoneos;
				SWIFT_COMPILATION_MODE = wholemodule;
				SWIFT_OPTIMIZATION_LEVEL = "-O";
				VALIDATE_PRODUCT = YES;
			};
			name = Release;
		};
		FA5803A121A75409009AAFE6 /* Debug */ = {
			isa = XCBuildConfiguration;
			baseConfigurationReference = 29939B6C13D00DECFF903F86 /* Pods-github-followers.debug.xcconfig */;
			buildSettings = {
				ASSETCATALOG_COMPILER_APPICON_NAME = AppIcon;
				CODE_SIGN_STYLE = Automatic;
				DEVELOPMENT_TEAM = S799KSVRWL;
				INFOPLIST_FILE = "github-followers/Info.plist";
				LD_RUNPATH_SEARCH_PATHS = (
					"$(inherited)",
					"@executable_path/Frameworks",
				);
				PRODUCT_BUNDLE_IDENTIFIER = "com.riovcharenko.github-followers";
				PRODUCT_NAME = "$(TARGET_NAME)";
				SWIFT_VERSION = 4.2;
				TARGETED_DEVICE_FAMILY = "1,2";
			};
			name = Debug;
		};
		FA5803A221A75409009AAFE6 /* Release */ = {
			isa = XCBuildConfiguration;
			baseConfigurationReference = 709404EFD5AC8ADEFC207FAC /* Pods-github-followers.release.xcconfig */;
			buildSettings = {
				ASSETCATALOG_COMPILER_APPICON_NAME = AppIcon;
				CODE_SIGN_STYLE = Automatic;
				DEVELOPMENT_TEAM = S799KSVRWL;
				INFOPLIST_FILE = "github-followers/Info.plist";
				LD_RUNPATH_SEARCH_PATHS = (
					"$(inherited)",
					"@executable_path/Frameworks",
				);
				PRODUCT_BUNDLE_IDENTIFIER = "com.riovcharenko.github-followers";
				PRODUCT_NAME = "$(TARGET_NAME)";
				SWIFT_VERSION = 4.2;
				TARGETED_DEVICE_FAMILY = "1,2";
			};
			name = Release;
		};
/* End XCBuildConfiguration section */

/* Begin XCConfigurationList section */
		FA58038921A75408009AAFE6 /* Build configuration list for PBXProject "github-followers" */ = {
			isa = XCConfigurationList;
			buildConfigurations = (
				FA58039E21A75409009AAFE6 /* Debug */,
				FA58039F21A75409009AAFE6 /* Release */,
			);
			defaultConfigurationIsVisible = 0;
			defaultConfigurationName = Release;
		};
		FA5803A021A75409009AAFE6 /* Build configuration list for PBXNativeTarget "github-followers" */ = {
			isa = XCConfigurationList;
			buildConfigurations = (
				FA5803A121A75409009AAFE6 /* Debug */,
				FA5803A221A75409009AAFE6 /* Release */,
			);
			defaultConfigurationIsVisible = 0;
			defaultConfigurationName = Release;
		};
/* End XCConfigurationList section */
	};
	rootObject = FA58038621A75408009AAFE6 /* Project object */;
}
